// !$*UTF8*$!
{
	archiveVersion = 1;
	classes = {
	};
	objectVersion = 45;
	objects = {

/* Begin PBXBuildFile section */
		1DDD58160DA1D0A300B32029 /* MainMenu.xib in Resources */ = {isa = PBXBuildFile; fileRef = 1DDD58140DA1D0A300B32029 /* MainMenu.xib */; };
		270AF2DF0FF443640085AD97 /* kext_whitelist in Resources */ = {isa = PBXBuildFile; fileRef = 270AF2DE0FF443640085AD97 /* kext_whitelist */; };
		270AF2E00FF443640085AD97 /* kext_whitelist in Resources */ = {isa = PBXBuildFile; fileRef = 270AF2DE0FF443640085AD97 /* kext_whitelist */; };
		270AF2E10FF443640085AD97 /* kext_whitelist in Resources */ = {isa = PBXBuildFile; fileRef = 270AF2DE0FF443640085AD97 /* kext_whitelist */; };
		270AF2E20FF443640085AD97 /* kext_whitelist in Resources */ = {isa = PBXBuildFile; fileRef = 270AF2DE0FF443640085AD97 /* kext_whitelist */; };
		270AF2E30FF443640085AD97 /* kext_whitelist in Resources */ = {isa = PBXBuildFile; fileRef = 270AF2DE0FF443640085AD97 /* kext_whitelist */; };
		270AF2E40FF443640085AD97 /* kext_whitelist in Resources */ = {isa = PBXBuildFile; fileRef = 270AF2DE0FF443640085AD97 /* kext_whitelist */; };
		2725E6640FED89D3005869F8 /* dell_mini_icon.icns in Resources */ = {isa = PBXBuildFile; fileRef = 661B38990FBE6957004007B6 /* dell_mini_icon.icns */; };
		2725E6650FED89D3005869F8 /* DellMini9.png in Resources */ = {isa = PBXBuildFile; fileRef = 661B389A0FBE6957004007B6 /* DellMini9.png */; };
		2725E6670FED89D3005869F8 /* about.xib in Resources */ = {isa = PBXBuildFile; fileRef = 27EC0C290FD76DC0006740DB /* about.xib */; };
		2725E6680FED89D3005869F8 /* InfoPlist.strings in Resources */ = {isa = PBXBuildFile; fileRef = 089C165CFE840E0CC02AAC07 /* InfoPlist.strings */; };
		2725E66A0FED89D3005869F8 /* Localizable.strings in Resources */ = {isa = PBXBuildFile; fileRef = 27EC0BBF0FD7698C006740DB /* Localizable.strings */; };
		2725E66B0FED8A07005869F8 /* SystemInformation.m in Sources */ = {isa = PBXBuildFile; fileRef = 661B35C80FBE01E5004007B6 /* SystemInformation.m */; };
		2725E66D0FED8A07005869F8 /* Installer.m in Sources */ = {isa = PBXBuildFile; fileRef = 66EC09530FBF3E9C00D3B55B /* Installer.m */; };
		2725E66F0FED8A07005869F8 /* HexEditor.m in Sources */ = {isa = PBXBuildFile; fileRef = 27CA342A0FD47303006E14C4 /* HexEditor.m */; };
		2725E6700FED8A07005869F8 /* AboutWindowController.m in Sources */ = {isa = PBXBuildFile; fileRef = 27EC0B460FD7312F006740DB /* AboutWindowController.m */; };
		2725E6D50FED9417005869F8 /* CoreFoundation.framework in Frameworks */ = {isa = PBXBuildFile; fileRef = 661B368D0FBE2C50004007B6 /* CoreFoundation.framework */; };
		2725E6D60FED9417005869F8 /* Cocoa.framework in Frameworks */ = {isa = PBXBuildFile; fileRef = 1058C7A1FEA54F0111CA2CBB /* Cocoa.framework */; };
		2725E6D70FED9417005869F8 /* Security.framework in Frameworks */ = {isa = PBXBuildFile; fileRef = 668FFC480FC13B2B007E4E75 /* Security.framework */; };
		2725E6D80FED9417005869F8 /* SecurityFoundation.framework in Frameworks */ = {isa = PBXBuildFile; fileRef = 668FFC6B0FC13C7C007E4E75 /* SecurityFoundation.framework */; };
		2725E6D90FED9417005869F8 /* CoreServices.framework in Frameworks */ = {isa = PBXBuildFile; fileRef = 66363E980FC3A90A00BF0516 /* CoreServices.framework */; };
		2725E6DA0FED9417005869F8 /* libcrypto.dylib in Frameworks */ = {isa = PBXBuildFile; fileRef = 279665740FD4206400EBF41B /* libcrypto.dylib */; };
		2725E6DC0FED9435005869F8 /* main_bootmake.m in Sources */ = {isa = PBXBuildFile; fileRef = 2725E3D90FED88A8005869F8 /* main_bootmake.m */; };
		2725E7350FED9702005869F8 /* NetbookBootMaker.xib in Resources */ = {isa = PBXBuildFile; fileRef = 2725E7340FED9702005869F8 /* NetbookBootMaker.xib */; };
		2725E73E0FED989D005869F8 /* NetbookBootMakerController.m in Sources */ = {isa = PBXBuildFile; fileRef = 2725E73D0FED989D005869F8 /* NetbookBootMakerController.m */; };
		2725E7580FED9EE5005869F8 /* NetbookInstallerCLI.app in Resources */ = {isa = PBXBuildFile; fileRef = 2748C2140FEB02EB000F22B8 /* NetbookInstallerCLI.app */; };
		2725E7B20FEDAF56005869F8 /* bootMakerFiles in Resources */ = {isa = PBXBuildFile; fileRef = 2725E7B00FEDAF56005869F8 /* bootMakerFiles */; };
		272EACEB0FF722D200274B67 /* InstallerCLI.m in Sources */ = {isa = PBXBuildFile; fileRef = 2748C5B00FEB0EA0000F22B8 /* InstallerCLI.m */; };
		272EAD360FF7278800274B67 /* NetbookInstaller.app in Resources */ = {isa = PBXBuildFile; fileRef = 8D1107320486CEB800E47090 /* NetbookInstaller.app */; };
		272EAD450FF7FD1E00274B67 /* main_bless.m in Sources */ = {isa = PBXBuildFile; fileRef = 272EAD440FF7FD1E00274B67 /* main_bless.m */; };
		272EAD4A0FF7FD1E00274B67 /* main_bless.m in Sources */ = {isa = PBXBuildFile; fileRef = 272EAD440FF7FD1E00274B67 /* main_bless.m */; };
		272EAD530FF7FD7E00274B67 /* main_bless.m in Sources */ = {isa = PBXBuildFile; fileRef = 272EAD440FF7FD1E00274B67 /* main_bless.m */; };
		272EAD560FF7FDA300274B67 /* bless in Resources */ = {isa = PBXBuildFile; fileRef = 272EAD4E0FF7FD5F00274B67 /* bless */; };
		273CA9FF0FD420D30060FE60 /* libcrypto.dylib in Frameworks */ = {isa = PBXBuildFile; fileRef = 279665740FD4206400EBF41B /* libcrypto.dylib */; };
		273CAA000FD420E10060FE60 /* libcrypto.dylib in Frameworks */ = {isa = PBXBuildFile; fileRef = 279665740FD4206400EBF41B /* libcrypto.dylib */; };
		2748C3780FEB0319000F22B8 /* dell_mini_icon.icns in Resources */ = {isa = PBXBuildFile; fileRef = 661B38990FBE6957004007B6 /* dell_mini_icon.icns */; };
		2748C3790FEB0319000F22B8 /* DellMini9.png in Resources */ = {isa = PBXBuildFile; fileRef = 661B389A0FBE6957004007B6 /* DellMini9.png */; };
		2748C37A0FEB0319000F22B8 /* MainMenu.xib in Resources */ = {isa = PBXBuildFile; fileRef = 1DDD58140DA1D0A300B32029 /* MainMenu.xib */; };
		2748C37B0FEB0319000F22B8 /* about.xib in Resources */ = {isa = PBXBuildFile; fileRef = 27EC0C290FD76DC0006740DB /* about.xib */; };
		2748C37C0FEB0319000F22B8 /* InfoPlist.strings in Resources */ = {isa = PBXBuildFile; fileRef = 089C165CFE840E0CC02AAC07 /* InfoPlist.strings */; };
		2748C37D0FEB0319000F22B8 /* SupportFiles in Resources */ = {isa = PBXBuildFile; fileRef = 668FFA740FC11400007E4E75 /* SupportFiles */; };
		2748C37E0FEB0319000F22B8 /* Localizable.strings in Resources */ = {isa = PBXBuildFile; fileRef = 27EC0BBF0FD7698C006740DB /* Localizable.strings */; };
		2748C37F0FEB036B000F22B8 /* Installer.m in Sources */ = {isa = PBXBuildFile; fileRef = 66EC09530FBF3E9C00D3B55B /* Installer.m */; };
		2748C3800FEB036B000F22B8 /* SystemInformation.m in Sources */ = {isa = PBXBuildFile; fileRef = 661B35C80FBE01E5004007B6 /* SystemInformation.m */; };
		2748C3810FEB036B000F22B8 /* HexEditor.m in Sources */ = {isa = PBXBuildFile; fileRef = 27CA342A0FD47303006E14C4 /* HexEditor.m */; };
		2748C49F0FEB037C000F22B8 /* CoreFoundation.framework in Frameworks */ = {isa = PBXBuildFile; fileRef = 661B368D0FBE2C50004007B6 /* CoreFoundation.framework */; };
		2748C4A00FEB037C000F22B8 /* Cocoa.framework in Frameworks */ = {isa = PBXBuildFile; fileRef = 1058C7A1FEA54F0111CA2CBB /* Cocoa.framework */; };
		2748C4A10FEB037C000F22B8 /* Security.framework in Frameworks */ = {isa = PBXBuildFile; fileRef = 668FFC480FC13B2B007E4E75 /* Security.framework */; };
		2748C4A20FEB037C000F22B8 /* SecurityFoundation.framework in Frameworks */ = {isa = PBXBuildFile; fileRef = 668FFC6B0FC13C7C007E4E75 /* SecurityFoundation.framework */; };
		2748C4A30FEB037C000F22B8 /* CoreServices.framework in Frameworks */ = {isa = PBXBuildFile; fileRef = 66363E980FC3A90A00BF0516 /* CoreServices.framework */; };
		2748C4A40FEB037C000F22B8 /* libcrypto.dylib in Frameworks */ = {isa = PBXBuildFile; fileRef = 279665740FD4206400EBF41B /* libcrypto.dylib */; };
		2748C4A60FEB03C0000F22B8 /* main_cli.m in Sources */ = {isa = PBXBuildFile; fileRef = 2748C4A50FEB03C0000F22B8 /* main_cli.m */; };
		2748C5B10FEB0EA0000F22B8 /* InstallerCLI.m in Sources */ = {isa = PBXBuildFile; fileRef = 2748C5B00FEB0EA0000F22B8 /* InstallerCLI.m */; };
		274B11E80FF458D4009BFF80 /* SupportFiles in Resources */ = {isa = PBXBuildFile; fileRef = 668FFA740FC11400007E4E75 /* SupportFiles */; };
		27848F1D0FF1ACD500BF23A5 /* UpdateExtra.xib in Resources */ = {isa = PBXBuildFile; fileRef = 27848F1C0FF1ACD500BF23A5 /* UpdateExtra.xib */; };
		27848F1F0FF1AD8B00BF23A5 /* UpdateExtra.icns in Resources */ = {isa = PBXBuildFile; fileRef = 27848F1E0FF1AD8B00BF23A5 /* UpdateExtra.icns */; };
		27848F240FF1ADCB00BF23A5 /* main_updateextra.m in Sources */ = {isa = PBXBuildFile; fileRef = 27848F230FF1ADCB00BF23A5 /* main_updateextra.m */; };
		27848F4F0FF1AF6800BF23A5 /* UpdateExtraController.m in Sources */ = {isa = PBXBuildFile; fileRef = 27848F4E0FF1AF6800BF23A5 /* UpdateExtraController.m */; };
		278490880FF1B09A00BF23A5 /* CoreFoundation.framework in Frameworks */ = {isa = PBXBuildFile; fileRef = 661B368D0FBE2C50004007B6 /* CoreFoundation.framework */; };
		278490890FF1B09A00BF23A5 /* Cocoa.framework in Frameworks */ = {isa = PBXBuildFile; fileRef = 1058C7A1FEA54F0111CA2CBB /* Cocoa.framework */; };
		2784908A0FF1B09A00BF23A5 /* Security.framework in Frameworks */ = {isa = PBXBuildFile; fileRef = 668FFC480FC13B2B007E4E75 /* Security.framework */; };
		2784908B0FF1B09A00BF23A5 /* SecurityFoundation.framework in Frameworks */ = {isa = PBXBuildFile; fileRef = 668FFC6B0FC13C7C007E4E75 /* SecurityFoundation.framework */; };
		2784908C0FF1B09A00BF23A5 /* CoreServices.framework in Frameworks */ = {isa = PBXBuildFile; fileRef = 66363E980FC3A90A00BF0516 /* CoreServices.framework */; };
		2784908D0FF1B09A00BF23A5 /* libcrypto.dylib in Frameworks */ = {isa = PBXBuildFile; fileRef = 279665740FD4206400EBF41B /* libcrypto.dylib */; };
		278490D70FF1B21200BF23A5 /* Installer.m in Sources */ = {isa = PBXBuildFile; fileRef = 66EC09530FBF3E9C00D3B55B /* Installer.m */; };
		278490D90FF1B21700BF23A5 /* SystemInformation.m in Sources */ = {isa = PBXBuildFile; fileRef = 661B35C80FBE01E5004007B6 /* SystemInformation.m */; };
		278490DC0FF1B21F00BF23A5 /* HexEditor.m in Sources */ = {isa = PBXBuildFile; fileRef = 27CA342A0FD47303006E14C4 /* HexEditor.m */; };
		279665750FD4206400EBF41B /* libcrypto.dylib in Frameworks */ = {isa = PBXBuildFile; fileRef = 279665740FD4206400EBF41B /* libcrypto.dylib */; };
		27CA342B0FD47303006E14C4 /* HexEditor.m in Sources */ = {isa = PBXBuildFile; fileRef = 27CA342A0FD47303006E14C4 /* HexEditor.m */; };
		27CA342D0FD4731C006E14C4 /* HexEditor.m in Sources */ = {isa = PBXBuildFile; fileRef = 27CA342A0FD47303006E14C4 /* HexEditor.m */; };
		27CA342E0FD47324006E14C4 /* HexEditor.m in Sources */ = {isa = PBXBuildFile; fileRef = 27CA342A0FD47303006E14C4 /* HexEditor.m */; };
		27EC0B470FD7312F006740DB /* AboutWindowController.m in Sources */ = {isa = PBXBuildFile; fileRef = 27EC0B460FD7312F006740DB /* AboutWindowController.m */; };
		27EC0B480FD7312F006740DB /* AboutWindowController.m in Sources */ = {isa = PBXBuildFile; fileRef = 27EC0B460FD7312F006740DB /* AboutWindowController.m */; };
		27EC0B490FD7312F006740DB /* AboutWindowController.m in Sources */ = {isa = PBXBuildFile; fileRef = 27EC0B460FD7312F006740DB /* AboutWindowController.m */; };
		27EC0BC00FD7698C006740DB /* Localizable.strings in Resources */ = {isa = PBXBuildFile; fileRef = 27EC0BBF0FD7698C006740DB /* Localizable.strings */; };
		27EC0BC10FD7698C006740DB /* Localizable.strings in Resources */ = {isa = PBXBuildFile; fileRef = 27EC0BBF0FD7698C006740DB /* Localizable.strings */; };
		27EC0BC20FD7698C006740DB /* Localizable.strings in Resources */ = {isa = PBXBuildFile; fileRef = 27EC0BBF0FD7698C006740DB /* Localizable.strings */; };
		27EC0C2A0FD76DC0006740DB /* about.xib in Resources */ = {isa = PBXBuildFile; fileRef = 27EC0C290FD76DC0006740DB /* about.xib */; };
		27EC0C2B0FD76DC0006740DB /* about.xib in Resources */ = {isa = PBXBuildFile; fileRef = 27EC0C290FD76DC0006740DB /* about.xib */; };
		27EC0C2C0FD76DC0006740DB /* about.xib in Resources */ = {isa = PBXBuildFile; fileRef = 27EC0C290FD76DC0006740DB /* about.xib */; };
		661B35C90FBE01E5004007B6 /* SystemInformation.m in Sources */ = {isa = PBXBuildFile; fileRef = 661B35C80FBE01E5004007B6 /* SystemInformation.m */; };
		661B368E0FBE2C50004007B6 /* CoreFoundation.framework in Frameworks */ = {isa = PBXBuildFile; fileRef = 661B368D0FBE2C50004007B6 /* CoreFoundation.framework */; };
		661B38290FBE5091004007B6 /* NetbookInstallerController.m in Sources */ = {isa = PBXBuildFile; fileRef = 661B38280FBE5091004007B6 /* NetbookInstallerController.m */; };
		661B389B0FBE6957004007B6 /* dell_mini_icon.icns in Resources */ = {isa = PBXBuildFile; fileRef = 661B38990FBE6957004007B6 /* dell_mini_icon.icns */; };
		661B389C0FBE6957004007B6 /* DellMini9.png in Resources */ = {isa = PBXBuildFile; fileRef = 661B389A0FBE6957004007B6 /* DellMini9.png */; };
		66363E990FC3A90A00BF0516 /* CoreServices.framework in Frameworks */ = {isa = PBXBuildFile; fileRef = 66363E980FC3A90A00BF0516 /* CoreServices.framework */; };
		66363E9A0FC3A90A00BF0516 /* CoreServices.framework in Frameworks */ = {isa = PBXBuildFile; fileRef = 66363E980FC3A90A00BF0516 /* CoreServices.framework */; };
		66363E9B0FC3A90A00BF0516 /* CoreServices.framework in Frameworks */ = {isa = PBXBuildFile; fileRef = 66363E980FC3A90A00BF0516 /* CoreServices.framework */; };
		668FF7530FC0D038007E4E75 /* dell_mini_icon.icns in Resources */ = {isa = PBXBuildFile; fileRef = 661B38990FBE6957004007B6 /* dell_mini_icon.icns */; };
		668FF7540FC0D038007E4E75 /* DellMini9.png in Resources */ = {isa = PBXBuildFile; fileRef = 661B389A0FBE6957004007B6 /* DellMini9.png */; };
		668FF7560FC0D038007E4E75 /* MainMenu.xib in Resources */ = {isa = PBXBuildFile; fileRef = 1DDD58140DA1D0A300B32029 /* MainMenu.xib */; };
		668FF7580FC0D038007E4E75 /* InfoPlist.strings in Resources */ = {isa = PBXBuildFile; fileRef = 089C165CFE840E0CC02AAC07 /* InfoPlist.strings */; };
		668FF75A0FC0D04C007E4E75 /* Installer.m in Sources */ = {isa = PBXBuildFile; fileRef = 66EC09530FBF3E9C00D3B55B /* Installer.m */; };
		668FF75B0FC0D04C007E4E75 /* SystemInformation.m in Sources */ = {isa = PBXBuildFile; fileRef = 661B35C80FBE01E5004007B6 /* SystemInformation.m */; };
		668FF75C0FC0D04C007E4E75 /* NetbookInstallerController.m in Sources */ = {isa = PBXBuildFile; fileRef = 661B38280FBE5091004007B6 /* NetbookInstallerController.m */; };
		668FF75D0FC0D04C007E4E75 /* main.m in Sources */ = {isa = PBXBuildFile; fileRef = 29B97316FDCFA39411CA2CEA /* main.m */; };
		668FF78B0FC0D05E007E4E75 /* CoreFoundation.framework in Frameworks */ = {isa = PBXBuildFile; fileRef = 661B368D0FBE2C50004007B6 /* CoreFoundation.framework */; };
		668FF78C0FC0D05E007E4E75 /* Cocoa.framework in Frameworks */ = {isa = PBXBuildFile; fileRef = 1058C7A1FEA54F0111CA2CBB /* Cocoa.framework */; };
		668FFA750FC11400007E4E75 /* SupportFiles in Resources */ = {isa = PBXBuildFile; fileRef = 668FFA740FC11400007E4E75 /* SupportFiles */; };
		668FFA760FC11400007E4E75 /* SupportFiles in Resources */ = {isa = PBXBuildFile; fileRef = 668FFA740FC11400007E4E75 /* SupportFiles */; };
		668FFA770FC11400007E4E75 /* SupportFiles in Resources */ = {isa = PBXBuildFile; fileRef = 668FFA740FC11400007E4E75 /* SupportFiles */; };
		668FFC490FC13B2B007E4E75 /* Security.framework in Frameworks */ = {isa = PBXBuildFile; fileRef = 668FFC480FC13B2B007E4E75 /* Security.framework */; };
		668FFC4A0FC13B2B007E4E75 /* Security.framework in Frameworks */ = {isa = PBXBuildFile; fileRef = 668FFC480FC13B2B007E4E75 /* Security.framework */; };
		668FFC4B0FC13B2B007E4E75 /* Security.framework in Frameworks */ = {isa = PBXBuildFile; fileRef = 668FFC480FC13B2B007E4E75 /* Security.framework */; };
		668FFC6C0FC13C7C007E4E75 /* SecurityFoundation.framework in Frameworks */ = {isa = PBXBuildFile; fileRef = 668FFC6B0FC13C7C007E4E75 /* SecurityFoundation.framework */; };
		668FFC6D0FC13C7C007E4E75 /* SecurityFoundation.framework in Frameworks */ = {isa = PBXBuildFile; fileRef = 668FFC6B0FC13C7C007E4E75 /* SecurityFoundation.framework */; };
		668FFC6E0FC13C7C007E4E75 /* SecurityFoundation.framework in Frameworks */ = {isa = PBXBuildFile; fileRef = 668FFC6B0FC13C7C007E4E75 /* SecurityFoundation.framework */; };
		668FFD0C0FC280D8007E4E75 /* DSDTPatcher.m in Sources */ = {isa = PBXBuildFile; fileRef = 668FFD0B0FC280D8007E4E75 /* DSDTPatcher.m */; };
		668FFD0D0FC280D8007E4E75 /* DSDTPatcher.m in Sources */ = {isa = PBXBuildFile; fileRef = 668FFD0B0FC280D8007E4E75 /* DSDTPatcher.m */; };
		668FFD0E0FC280D8007E4E75 /* DSDTPatcher.m in Sources */ = {isa = PBXBuildFile; fileRef = 668FFD0B0FC280D8007E4E75 /* DSDTPatcher.m */; };
		66E5B6160FC04108000F2A93 /* dell_mini_icon.icns in Resources */ = {isa = PBXBuildFile; fileRef = 661B38990FBE6957004007B6 /* dell_mini_icon.icns */; };
		66E5B6170FC04108000F2A93 /* DellMini9.png in Resources */ = {isa = PBXBuildFile; fileRef = 661B389A0FBE6957004007B6 /* DellMini9.png */; };
		66E5B6190FC04108000F2A93 /* MainMenu.xib in Resources */ = {isa = PBXBuildFile; fileRef = 1DDD58140DA1D0A300B32029 /* MainMenu.xib */; };
		66E5B61B0FC04108000F2A93 /* InfoPlist.strings in Resources */ = {isa = PBXBuildFile; fileRef = 089C165CFE840E0CC02AAC07 /* InfoPlist.strings */; };
		66E5B61C0FC04118000F2A93 /* NetbookInstallerController.m in Sources */ = {isa = PBXBuildFile; fileRef = 661B38280FBE5091004007B6 /* NetbookInstallerController.m */; };
		66E5B61D0FC0411E000F2A93 /* main.m in Sources */ = {isa = PBXBuildFile; fileRef = 29B97316FDCFA39411CA2CEA /* main.m */; };
		66E5B61E0FC04126000F2A93 /* SystemInformation.m in Sources */ = {isa = PBXBuildFile; fileRef = 661B35C80FBE01E5004007B6 /* SystemInformation.m */; };
		66E5B61F0FC0412C000F2A93 /* Installer.m in Sources */ = {isa = PBXBuildFile; fileRef = 66EC09530FBF3E9C00D3B55B /* Installer.m */; };
		66E5B64D0FC04133000F2A93 /* CoreFoundation.framework in Frameworks */ = {isa = PBXBuildFile; fileRef = 661B368D0FBE2C50004007B6 /* CoreFoundation.framework */; };
		66E5B64E0FC04133000F2A93 /* Cocoa.framework in Frameworks */ = {isa = PBXBuildFile; fileRef = 1058C7A1FEA54F0111CA2CBB /* Cocoa.framework */; };
		66EC09540FBF3E9C00D3B55B /* Installer.m in Sources */ = {isa = PBXBuildFile; fileRef = 66EC09530FBF3E9C00D3B55B /* Installer.m */; };
		8D11072B0486CEB800E47090 /* InfoPlist.strings in Resources */ = {isa = PBXBuildFile; fileRef = 089C165CFE840E0CC02AAC07 /* InfoPlist.strings */; };
		8D11072D0486CEB800E47090 /* main.m in Sources */ = {isa = PBXBuildFile; fileRef = 29B97316FDCFA39411CA2CEA /* main.m */; settings = {ATTRIBUTES = (); }; };
		8D11072F0486CEB800E47090 /* Cocoa.framework in Frameworks */ = {isa = PBXBuildFile; fileRef = 1058C7A1FEA54F0111CA2CBB /* Cocoa.framework */; };
		A1544D2F0FFEEBBE004B05AB /* bootmaker.icns in Resources */ = {isa = PBXBuildFile; fileRef = A1544D2E0FFEEBBE004B05AB /* bootmaker.icns */; };
/* End PBXBuildFile section */

/* Begin PBXContainerItemProxy section */
		2725E74F0FED9EC2005869F8 /* PBXContainerItemProxy */ = {
			isa = PBXContainerItemProxy;
			containerPortal = 29B97313FDCFA39411CA2CEA /* Project object */;
			proxyType = 1;
			remoteGlobalIDString = 2748C2130FEB02EB000F22B8;
			remoteInfo = NetbookInstallerCLI;
		};
		272EAD240FF7253C00274B67 /* PBXContainerItemProxy */ = {
			isa = PBXContainerItemProxy;
			containerPortal = 29B97313FDCFA39411CA2CEA /* Project object */;
			proxyType = 1;
			remoteGlobalIDString = 8D1107260486CEB800E47090;
			remoteInfo = NetbookInstaller;
		};
		272EAD540FF7FD8400274B67 /* PBXContainerItemProxy */ = {
			isa = PBXContainerItemProxy;
			containerPortal = 29B97313FDCFA39411CA2CEA /* Project object */;
			proxyType = 1;
			remoteGlobalIDString = 272EAD4D0FF7FD5F00274B67;
			remoteInfo = bless;
		};
/* End PBXContainerItemProxy section */

/* Begin PBXFileReference section */
		089C165DFE840E0CC02AAC07 /* English */ = {isa = PBXFileReference; fileEncoding = 10; lastKnownFileType = text.plist.strings; name = English; path = English.lproj/InfoPlist.strings; sourceTree = "<group>"; };
		1058C7A1FEA54F0111CA2CBB /* Cocoa.framework */ = {isa = PBXFileReference; lastKnownFileType = wrapper.framework; name = Cocoa.framework; path = /System/Library/Frameworks/Cocoa.framework; sourceTree = "<absolute>"; };
		1DDD58150DA1D0A300B32029 /* English */ = {isa = PBXFileReference; lastKnownFileType = file.xib; name = English; path = English.lproj/MainMenu.xib; sourceTree = "<group>"; };
		270AF2DE0FF443640085AD97 /* kext_whitelist */ = {isa = PBXFileReference; fileEncoding = 4; lastKnownFileType = text; path = kext_whitelist; sourceTree = "<group>"; };
		2725E3D80FED88A8005869F8 /* main_bootmake.pch */ = {isa = PBXFileReference; fileEncoding = 4; lastKnownFileType = sourcecode.c.h; path = main_bootmake.pch; sourceTree = "<group>"; };
		2725E3D90FED88A8005869F8 /* main_bootmake.m */ = {isa = PBXFileReference; fileEncoding = 4; lastKnownFileType = sourcecode.c.objc; path = main_bootmake.m; sourceTree = "<group>"; };
		2725E3E60FED88C0005869F8 /* NetbookBootMaker.app */ = {isa = PBXFileReference; explicitFileType = wrapper.application; includeInIndex = 0; path = NetbookBootMaker.app; sourceTree = BUILT_PRODUCTS_DIR; };
		2725E3E80FED88C0005869F8 /* NetbookBootMaker-Info.plist */ = {isa = PBXFileReference; lastKnownFileType = text.plist.xml; path = "NetbookBootMaker-Info.plist"; sourceTree = "<group>"; };
		2725E70B0FED96A9005869F8 /* English */ = {isa = PBXFileReference; lastKnownFileType = file.xib; name = English; path = English.lproj/NetbookBootMaker.xib; sourceTree = "<group>"; };
		2725E73C0FED989D005869F8 /* NetbookBootMakerController.h */ = {isa = PBXFileReference; fileEncoding = 4; lastKnownFileType = sourcecode.c.h; path = NetbookBootMakerController.h; sourceTree = "<group>"; };
		2725E73D0FED989D005869F8 /* NetbookBootMakerController.m */ = {isa = PBXFileReference; fileEncoding = 4; lastKnownFileType = sourcecode.c.objc; path = NetbookBootMakerController.m; sourceTree = "<group>"; };
		2725E7B00FEDAF56005869F8 /* bootMakerFiles */ = {isa = PBXFileReference; lastKnownFileType = folder; path = bootMakerFiles; sourceTree = "<group>"; };
		272EAD430FF7FD1E00274B67 /* main_bless.h */ = {isa = PBXFileReference; fileEncoding = 4; lastKnownFileType = sourcecode.c.h; path = main_bless.h; sourceTree = "<group>"; };
		272EAD440FF7FD1E00274B67 /* main_bless.m */ = {isa = PBXFileReference; fileEncoding = 4; lastKnownFileType = sourcecode.c.objc; path = main_bless.m; sourceTree = "<group>"; };
		272EAD4E0FF7FD5F00274B67 /* bless */ = {isa = PBXFileReference; explicitFileType = "compiled.mach-o.executable"; includeInIndex = 0; path = bless; sourceTree = BUILT_PRODUCTS_DIR; };
		2748C2140FEB02EB000F22B8 /* NetbookInstallerCLI.app */ = {isa = PBXFileReference; explicitFileType = wrapper.application; includeInIndex = 0; path = NetbookInstallerCLI.app; sourceTree = BUILT_PRODUCTS_DIR; };
		2748C2160FEB02EB000F22B8 /* NetbookInstallerCLI-Info.plist */ = {isa = PBXFileReference; lastKnownFileType = text.plist.xml; path = "NetbookInstallerCLI-Info.plist"; sourceTree = "<group>"; };
		2748C4A50FEB03C0000F22B8 /* main_cli.m */ = {isa = PBXFileReference; fileEncoding = 4; lastKnownFileType = sourcecode.c.objc; path = main_cli.m; sourceTree = "<group>"; };
		2748C58B0FEB0DF1000F22B8 /* main_cli.pch */ = {isa = PBXFileReference; fileEncoding = 4; lastKnownFileType = sourcecode.c.h; path = main_cli.pch; sourceTree = "<group>"; };
		2748C5AF0FEB0EA0000F22B8 /* InstallerCLI.h */ = {isa = PBXFileReference; fileEncoding = 4; lastKnownFileType = sourcecode.c.h; path = InstallerCLI.h; sourceTree = "<group>"; };
		2748C5B00FEB0EA0000F22B8 /* InstallerCLI.m */ = {isa = PBXFileReference; fileEncoding = 4; lastKnownFileType = sourcecode.c.objc; path = InstallerCLI.m; sourceTree = "<group>"; };
		27848F140FF1AC8B00BF23A5 /* UpdateExtra.app */ = {isa = PBXFileReference; explicitFileType = wrapper.application; includeInIndex = 0; path = UpdateExtra.app; sourceTree = BUILT_PRODUCTS_DIR; };
		27848F160FF1AC8B00BF23A5 /* UpdateExtra-Info.plist */ = {isa = PBXFileReference; lastKnownFileType = text.plist.xml; path = "UpdateExtra-Info.plist"; sourceTree = "<group>"; };
		27848F1A0FF1ACA700BF23A5 /* English */ = {isa = PBXFileReference; lastKnownFileType = file.xib; name = English; path = English.lproj/UpdateExtra.xib; sourceTree = "<group>"; };
		27848F1E0FF1AD8B00BF23A5 /* UpdateExtra.icns */ = {isa = PBXFileReference; lastKnownFileType = image.icns; path = UpdateExtra.icns; sourceTree = "<group>"; };
		27848F220FF1ADCB00BF23A5 /* main_updateextra.pch */ = {isa = PBXFileReference; fileEncoding = 4; lastKnownFileType = sourcecode.c.h; path = main_updateextra.pch; sourceTree = "<group>"; };
		27848F230FF1ADCB00BF23A5 /* main_updateextra.m */ = {isa = PBXFileReference; fileEncoding = 4; lastKnownFileType = sourcecode.c.objc; path = main_updateextra.m; sourceTree = "<group>"; };
		27848F4D0FF1AF6800BF23A5 /* UpdateExtraController.h */ = {isa = PBXFileReference; fileEncoding = 4; lastKnownFileType = sourcecode.c.h; path = UpdateExtraController.h; sourceTree = "<group>"; };
		27848F4E0FF1AF6800BF23A5 /* UpdateExtraController.m */ = {isa = PBXFileReference; fileEncoding = 4; lastKnownFileType = sourcecode.c.objc; path = UpdateExtraController.m; sourceTree = "<group>"; };
		279665740FD4206400EBF41B /* libcrypto.dylib */ = {isa = PBXFileReference; lastKnownFileType = "compiled.mach-o.dylib"; name = libcrypto.dylib; path = usr/lib/libcrypto.dylib; sourceTree = SDKROOT; };
		27CA34290FD47303006E14C4 /* HexEditor.h */ = {isa = PBXFileReference; fileEncoding = 4; lastKnownFileType = sourcecode.c.h; path = HexEditor.h; sourceTree = "<group>"; };
		27CA342A0FD47303006E14C4 /* HexEditor.m */ = {isa = PBXFileReference; fileEncoding = 4; lastKnownFileType = sourcecode.c.objc; path = HexEditor.m; sourceTree = "<group>"; };
		27EC0B450FD7312F006740DB /* AboutWindowController.h */ = {isa = PBXFileReference; fileEncoding = 4; lastKnownFileType = sourcecode.c.h; path = AboutWindowController.h; sourceTree = "<group>"; };
		27EC0B460FD7312F006740DB /* AboutWindowController.m */ = {isa = PBXFileReference; fileEncoding = 4; lastKnownFileType = sourcecode.c.objc; path = AboutWindowController.m; sourceTree = "<group>"; };
		27EC0BB90FD7696F006740DB /* English */ = {isa = PBXFileReference; fileEncoding = 10; lastKnownFileType = text.plist.strings; name = English; path = English.lproj/Localizable.strings; sourceTree = "<group>"; };
		29B97316FDCFA39411CA2CEA /* main.m */ = {isa = PBXFileReference; fileEncoding = 4; lastKnownFileType = sourcecode.c.objc; path = main.m; sourceTree = "<group>"; };
		32CA4F630368D1EE00C91783 /* NetbookInstaller_Prefix.pch */ = {isa = PBXFileReference; fileEncoding = 4; lastKnownFileType = sourcecode.c.h; path = NetbookInstaller_Prefix.pch; sourceTree = "<group>"; };
		661B35C70FBE01E5004007B6 /* SystemInformation.h */ = {isa = PBXFileReference; fileEncoding = 4; lastKnownFileType = sourcecode.c.h; path = SystemInformation.h; sourceTree = "<group>"; };
		661B35C80FBE01E5004007B6 /* SystemInformation.m */ = {isa = PBXFileReference; fileEncoding = 4; lastKnownFileType = sourcecode.c.objc; path = SystemInformation.m; sourceTree = "<group>"; };
		661B36690FBE28D0004007B6 /* checksum.h */ = {isa = PBXFileReference; fileEncoding = 4; lastKnownFileType = sourcecode.c.h; path = checksum.h; sourceTree = "<group>"; };
		661B368D0FBE2C50004007B6 /* CoreFoundation.framework */ = {isa = PBXFileReference; lastKnownFileType = wrapper.framework; name = CoreFoundation.framework; path = /System/Library/Frameworks/CoreFoundation.framework; sourceTree = "<absolute>"; };
		661B38270FBE5091004007B6 /* NetbookInstallerController.h */ = {isa = PBXFileReference; fileEncoding = 4; lastKnownFileType = sourcecode.c.h; path = NetbookInstallerController.h; sourceTree = "<group>"; };
		661B38280FBE5091004007B6 /* NetbookInstallerController.m */ = {isa = PBXFileReference; fileEncoding = 4; lastKnownFileType = sourcecode.c.objc; path = NetbookInstallerController.m; sourceTree = "<group>"; };
		661B38990FBE6957004007B6 /* dell_mini_icon.icns */ = {isa = PBXFileReference; lastKnownFileType = image.icns; path = dell_mini_icon.icns; sourceTree = "<group>"; };
		661B389A0FBE6957004007B6 /* DellMini9.png */ = {isa = PBXFileReference; lastKnownFileType = image.png; path = DellMini9.png; sourceTree = "<group>"; };
		661B38E30FBE76F8004007B6 /* English */ = {isa = PBXFileReference; lastKnownFileType = file.xib; name = English; path = English.lproj/about.xib; sourceTree = "<group>"; };
		66363E980FC3A90A00BF0516 /* CoreServices.framework */ = {isa = PBXFileReference; lastKnownFileType = wrapper.framework; name = CoreServices.framework; path = /System/Library/Frameworks/CoreServices.framework; sourceTree = "<absolute>"; };
		668FF6C50FC0D004007E4E75 /* LenovoInstaller.app */ = {isa = PBXFileReference; explicitFileType = wrapper.application; includeInIndex = 0; path = LenovoInstaller.app; sourceTree = BUILT_PRODUCTS_DIR; };
		668FF6C70FC0D004007E4E75 /* LenovoInstaller-Info.plist */ = {isa = PBXFileReference; lastKnownFileType = text.plist.xml; path = "LenovoInstaller-Info.plist"; sourceTree = "<group>"; };
		668FFA740FC11400007E4E75 /* SupportFiles */ = {isa = PBXFileReference; lastKnownFileType = folder; path = SupportFiles; sourceTree = "<group>"; };
		668FFC480FC13B2B007E4E75 /* Security.framework */ = {isa = PBXFileReference; lastKnownFileType = wrapper.framework; name = Security.framework; path = /System/Library/Frameworks/Security.framework; sourceTree = "<absolute>"; };
		668FFC6B0FC13C7C007E4E75 /* SecurityFoundation.framework */ = {isa = PBXFileReference; lastKnownFileType = wrapper.framework; name = SecurityFoundation.framework; path = /System/Library/Frameworks/SecurityFoundation.framework; sourceTree = "<absolute>"; };
		668FFD0A0FC280D8007E4E75 /* DSDTPatcher.h */ = {isa = PBXFileReference; fileEncoding = 4; lastKnownFileType = sourcecode.c.h; path = DSDTPatcher.h; sourceTree = "<group>"; };
		668FFD0B0FC280D8007E4E75 /* DSDTPatcher.m */ = {isa = PBXFileReference; fileEncoding = 4; lastKnownFileType = sourcecode.c.objc; path = DSDTPatcher.m; sourceTree = "<group>"; };
		66E5B5F50FC040CD000F2A93 /* DellEFI.app */ = {isa = PBXFileReference; explicitFileType = wrapper.application; includeInIndex = 0; path = DellEFI.app; sourceTree = BUILT_PRODUCTS_DIR; };
		66E5B5F70FC040CD000F2A93 /* DellEFI-Info.plist */ = {isa = PBXFileReference; lastKnownFileType = text.plist.xml; path = "DellEFI-Info.plist"; sourceTree = "<group>"; };
		66EC09520FBF3E9C00D3B55B /* Installer.h */ = {isa = PBXFileReference; fileEncoding = 4; lastKnownFileType = sourcecode.c.h; path = Installer.h; sourceTree = "<group>"; };
		66EC09530FBF3E9C00D3B55B /* Installer.m */ = {isa = PBXFileReference; fileEncoding = 4; lastKnownFileType = sourcecode.c.objc; path = Installer.m; sourceTree = "<group>"; };
		8D1107310486CEB800E47090 /* Info.plist */ = {isa = PBXFileReference; fileEncoding = 4; lastKnownFileType = text.plist.xml; path = Info.plist; sourceTree = "<group>"; };
		8D1107320486CEB800E47090 /* NetbookInstaller.app */ = {isa = PBXFileReference; explicitFileType = wrapper.application; includeInIndex = 0; path = NetbookInstaller.app; sourceTree = BUILT_PRODUCTS_DIR; };
		A1544D2E0FFEEBBE004B05AB /* bootmaker.icns */ = {isa = PBXFileReference; lastKnownFileType = image.icns; path = bootmaker.icns; sourceTree = "<group>"; };
/* End PBXFileReference section */

/* Begin PBXFrameworksBuildPhase section */
		2725E3E40FED88C0005869F8 /* Frameworks */ = {
			isa = PBXFrameworksBuildPhase;
			buildActionMask = 2147483647;
			files = (
				2725E6D50FED9417005869F8 /* CoreFoundation.framework in Frameworks */,
				2725E6D60FED9417005869F8 /* Cocoa.framework in Frameworks */,
				2725E6D70FED9417005869F8 /* Security.framework in Frameworks */,
				2725E6D80FED9417005869F8 /* SecurityFoundation.framework in Frameworks */,
				2725E6D90FED9417005869F8 /* CoreServices.framework in Frameworks */,
				2725E6DA0FED9417005869F8 /* libcrypto.dylib in Frameworks */,
			);
			runOnlyForDeploymentPostprocessing = 0;
		};
		272EAD4C0FF7FD5F00274B67 /* Frameworks */ = {
			isa = PBXFrameworksBuildPhase;
			buildActionMask = 2147483647;
			files = (
			);
			runOnlyForDeploymentPostprocessing = 0;
		};
		2748C2120FEB02EB000F22B8 /* Frameworks */ = {
			isa = PBXFrameworksBuildPhase;
			buildActionMask = 2147483647;
			files = (
				2748C49F0FEB037C000F22B8 /* CoreFoundation.framework in Frameworks */,
				2748C4A00FEB037C000F22B8 /* Cocoa.framework in Frameworks */,
				2748C4A10FEB037C000F22B8 /* Security.framework in Frameworks */,
				2748C4A20FEB037C000F22B8 /* SecurityFoundation.framework in Frameworks */,
				2748C4A30FEB037C000F22B8 /* CoreServices.framework in Frameworks */,
				2748C4A40FEB037C000F22B8 /* libcrypto.dylib in Frameworks */,
			);
			runOnlyForDeploymentPostprocessing = 0;
		};
		27848F120FF1AC8B00BF23A5 /* Frameworks */ = {
			isa = PBXFrameworksBuildPhase;
			buildActionMask = 2147483647;
			files = (
				278490880FF1B09A00BF23A5 /* CoreFoundation.framework in Frameworks */,
				278490890FF1B09A00BF23A5 /* Cocoa.framework in Frameworks */,
				2784908A0FF1B09A00BF23A5 /* Security.framework in Frameworks */,
				2784908B0FF1B09A00BF23A5 /* SecurityFoundation.framework in Frameworks */,
				2784908C0FF1B09A00BF23A5 /* CoreServices.framework in Frameworks */,
				2784908D0FF1B09A00BF23A5 /* libcrypto.dylib in Frameworks */,
			);
			runOnlyForDeploymentPostprocessing = 0;
		};
		668FF6C30FC0D004007E4E75 /* Frameworks */ = {
			isa = PBXFrameworksBuildPhase;
			buildActionMask = 2147483647;
			files = (
				668FF78B0FC0D05E007E4E75 /* CoreFoundation.framework in Frameworks */,
				668FF78C0FC0D05E007E4E75 /* Cocoa.framework in Frameworks */,
				668FFC4B0FC13B2B007E4E75 /* Security.framework in Frameworks */,
				668FFC6E0FC13C7C007E4E75 /* SecurityFoundation.framework in Frameworks */,
				66363E990FC3A90A00BF0516 /* CoreServices.framework in Frameworks */,
				273CAA000FD420E10060FE60 /* libcrypto.dylib in Frameworks */,
			);
			runOnlyForDeploymentPostprocessing = 0;
		};
		66E5B5F30FC040CD000F2A93 /* Frameworks */ = {
			isa = PBXFrameworksBuildPhase;
			buildActionMask = 2147483647;
			files = (
				66E5B64D0FC04133000F2A93 /* CoreFoundation.framework in Frameworks */,
				66E5B64E0FC04133000F2A93 /* Cocoa.framework in Frameworks */,
				668FFC4A0FC13B2B007E4E75 /* Security.framework in Frameworks */,
				668FFC6D0FC13C7C007E4E75 /* SecurityFoundation.framework in Frameworks */,
				66363E9B0FC3A90A00BF0516 /* CoreServices.framework in Frameworks */,
				273CA9FF0FD420D30060FE60 /* libcrypto.dylib in Frameworks */,
			);
			runOnlyForDeploymentPostprocessing = 0;
		};
		8D11072E0486CEB800E47090 /* Frameworks */ = {
			isa = PBXFrameworksBuildPhase;
			buildActionMask = 2147483647;
			files = (
				8D11072F0486CEB800E47090 /* Cocoa.framework in Frameworks */,
				661B368E0FBE2C50004007B6 /* CoreFoundation.framework in Frameworks */,
				668FFC490FC13B2B007E4E75 /* Security.framework in Frameworks */,
				668FFC6C0FC13C7C007E4E75 /* SecurityFoundation.framework in Frameworks */,
				66363E9A0FC3A90A00BF0516 /* CoreServices.framework in Frameworks */,
				279665750FD4206400EBF41B /* libcrypto.dylib in Frameworks */,
			);
			runOnlyForDeploymentPostprocessing = 0;
		};
/* End PBXFrameworksBuildPhase section */

/* Begin PBXGroup section */
		080E96DDFE201D6D7F000001 /* Classes */ = {
			isa = PBXGroup;
			children = (
				66EC09530FBF3E9C00D3B55B /* Installer.m */,
				668FFD0B0FC280D8007E4E75 /* DSDTPatcher.m */,
				27CA342A0FD47303006E14C4 /* HexEditor.m */,
				2748C5B00FEB0EA0000F22B8 /* InstallerCLI.m */,
				661B35C80FBE01E5004007B6 /* SystemInformation.m */,
				661B38280FBE5091004007B6 /* NetbookInstallerController.m */,
				27EC0B460FD7312F006740DB /* AboutWindowController.m */,
				2725E73D0FED989D005869F8 /* NetbookBootMakerController.m */,
				27848F4E0FF1AF6800BF23A5 /* UpdateExtraController.m */,
			);
			name = Classes;
			sourceTree = "<group>";
		};
		1058C7A0FEA54F0111CA2CBB /* Linked Frameworks */ = {
			isa = PBXGroup;
			children = (
				279665740FD4206400EBF41B /* libcrypto.dylib */,
				66363E980FC3A90A00BF0516 /* CoreServices.framework */,
				668FFC6B0FC13C7C007E4E75 /* SecurityFoundation.framework */,
				668FFC480FC13B2B007E4E75 /* Security.framework */,
				661B368D0FBE2C50004007B6 /* CoreFoundation.framework */,
				1058C7A1FEA54F0111CA2CBB /* Cocoa.framework */,
			);
			name = "Linked Frameworks";
			sourceTree = "<group>";
		};
		1058C7A2FEA54F0111CA2CBB /* Other Frameworks */ = {
			isa = PBXGroup;
			children = (
			);
			name = "Other Frameworks";
			sourceTree = "<group>";
		};
		19C28FACFE9D520D11CA2CBB /* Products */ = {
			isa = PBXGroup;
			children = (
				8D1107320486CEB800E47090 /* NetbookInstaller.app */,
				66E5B5F50FC040CD000F2A93 /* DellEFI.app */,
				668FF6C50FC0D004007E4E75 /* LenovoInstaller.app */,
				2748C2140FEB02EB000F22B8 /* NetbookInstallerCLI.app */,
				2725E3E60FED88C0005869F8 /* NetbookBootMaker.app */,
				27848F140FF1AC8B00BF23A5 /* UpdateExtra.app */,
				272EAD4E0FF7FD5F00274B67 /* bless */,
			);
			name = Products;
			sourceTree = "<group>";
		};
		29B97314FDCFA39411CA2CEA /* NetbookInstaller */ = {
			isa = PBXGroup;
			children = (
				668FFAE60FC1146C007E4E75 /* Headers */,
				080E96DDFE201D6D7F000001 /* Classes */,
				29B97315FDCFA39411CA2CEA /* Other Sources */,
				29B97317FDCFA39411CA2CEA /* Resources */,
				29B97323FDCFA39411CA2CEA /* Frameworks */,
				19C28FACFE9D520D11CA2CBB /* Products */,
				8D1107310486CEB800E47090 /* Info.plist */,
				66E5B5F70FC040CD000F2A93 /* DellEFI-Info.plist */,
				668FF6C70FC0D004007E4E75 /* LenovoInstaller-Info.plist */,
				2748C2160FEB02EB000F22B8 /* NetbookInstallerCLI-Info.plist */,
				2725E3E80FED88C0005869F8 /* NetbookBootMaker-Info.plist */,
				27848F160FF1AC8B00BF23A5 /* UpdateExtra-Info.plist */,
			);
			name = NetbookInstaller;
			sourceTree = "<group>";
		};
		29B97315FDCFA39411CA2CEA /* Other Sources */ = {
			isa = PBXGroup;
			children = (
				661B36690FBE28D0004007B6 /* checksum.h */,
				32CA4F630368D1EE00C91783 /* NetbookInstaller_Prefix.pch */,
				29B97316FDCFA39411CA2CEA /* main.m */,
				2748C4A50FEB03C0000F22B8 /* main_cli.m */,
				2748C58B0FEB0DF1000F22B8 /* main_cli.pch */,
				2725E3D80FED88A8005869F8 /* main_bootmake.pch */,
				2725E3D90FED88A8005869F8 /* main_bootmake.m */,
				27848F220FF1ADCB00BF23A5 /* main_updateextra.pch */,
				27848F230FF1ADCB00BF23A5 /* main_updateextra.m */,
				272EAD430FF7FD1E00274B67 /* main_bless.h */,
				272EAD440FF7FD1E00274B67 /* main_bless.m */,
			);
			name = "Other Sources";
			sourceTree = "<group>";
		};
		29B97317FDCFA39411CA2CEA /* Resources */ = {
			isa = PBXGroup;
			children = (
				A1544D2E0FFEEBBE004B05AB /* bootmaker.icns */,
				2725E7B00FEDAF56005869F8 /* bootMakerFiles */,
				661B38990FBE6957004007B6 /* dell_mini_icon.icns */,
				27848F1E0FF1AD8B00BF23A5 /* UpdateExtra.icns */,
				661B389A0FBE6957004007B6 /* DellMini9.png */,
				1DDD58140DA1D0A300B32029 /* MainMenu.xib */,
				27EC0C290FD76DC0006740DB /* about.xib */,
				089C165CFE840E0CC02AAC07 /* InfoPlist.strings */,
				668FFA740FC11400007E4E75 /* SupportFiles */,
				27EC0BBF0FD7698C006740DB /* Localizable.strings */,
				2725E7340FED9702005869F8 /* NetbookBootMaker.xib */,
				27848F1C0FF1ACD500BF23A5 /* UpdateExtra.xib */,
				270AF2DE0FF443640085AD97 /* kext_whitelist */,
			);
			name = Resources;
			sourceTree = "<group>";
		};
		29B97323FDCFA39411CA2CEA /* Frameworks */ = {
			isa = PBXGroup;
			children = (
				1058C7A0FEA54F0111CA2CBB /* Linked Frameworks */,
				1058C7A2FEA54F0111CA2CBB /* Other Frameworks */,
			);
			name = Frameworks;
			sourceTree = "<group>";
		};
		668FFAE60FC1146C007E4E75 /* Headers */ = {
			isa = PBXGroup;
			children = (
				66EC09520FBF3E9C00D3B55B /* Installer.h */,
				668FFD0A0FC280D8007E4E75 /* DSDTPatcher.h */,
				27CA34290FD47303006E14C4 /* HexEditor.h */,
				2748C5AF0FEB0EA0000F22B8 /* InstallerCLI.h */,
				661B35C70FBE01E5004007B6 /* SystemInformation.h */,
				661B38270FBE5091004007B6 /* NetbookInstallerController.h */,
				27EC0B450FD7312F006740DB /* AboutWindowController.h */,
				2725E73C0FED989D005869F8 /* NetbookBootMakerController.h */,
				27848F4D0FF1AF6800BF23A5 /* UpdateExtraController.h */,
			);
			name = Headers;
			sourceTree = "<group>";
		};
/* End PBXGroup section */

/* Begin PBXNativeTarget section */
		2725E3E50FED88C0005869F8 /* NetbookBootMaker */ = {
			isa = PBXNativeTarget;
			buildConfigurationList = 2725E3EB0FED88C1005869F8 /* Build configuration list for PBXNativeTarget "NetbookBootMaker" */;
			buildPhases = (
				2725E3E20FED88C0005869F8 /* Resources */,
				2725E3E30FED88C0005869F8 /* Sources */,
				2725E3E40FED88C0005869F8 /* Frameworks */,
			);
			buildRules = (
			);
			dependencies = (
				2725E7500FED9EC2005869F8 /* PBXTargetDependency */,
				272EAD250FF7253C00274B67 /* PBXTargetDependency */,
				272EAD550FF7FD8400274B67 /* PBXTargetDependency */,
			);
			name = NetbookBootMaker;
			productName = NetbookBootMaker;
			productReference = 2725E3E60FED88C0005869F8 /* NetbookBootMaker.app */;
			productType = "com.apple.product-type.application";
		};
		272EAD4D0FF7FD5F00274B67 /* bless */ = {
			isa = PBXNativeTarget;
			buildConfigurationList = 272EAD520FF7FD7D00274B67 /* Build configuration list for PBXNativeTarget "bless" */;
			buildPhases = (
				272EAD4B0FF7FD5F00274B67 /* Sources */,
				272EAD4C0FF7FD5F00274B67 /* Frameworks */,
			);
			buildRules = (
			);
			dependencies = (
			);
			name = bless;
			productName = bless;
			productReference = 272EAD4E0FF7FD5F00274B67 /* bless */;
			productType = "com.apple.product-type.tool";
		};
		2748C2130FEB02EB000F22B8 /* NetbookInstallerCLI */ = {
			isa = PBXNativeTarget;
			buildConfigurationList = 2748C2190FEB02EC000F22B8 /* Build configuration list for PBXNativeTarget "NetbookInstallerCLI" */;
			buildPhases = (
				2748C2100FEB02EB000F22B8 /* Resources */,
				2748C2110FEB02EB000F22B8 /* Sources */,
				2748C2120FEB02EB000F22B8 /* Frameworks */,
			);
			buildRules = (
			);
			dependencies = (
			);
			name = NetbookInstallerCLI;
			productName = NetbookInstallerCLI;
			productReference = 2748C2140FEB02EB000F22B8 /* NetbookInstallerCLI.app */;
			productType = "com.apple.product-type.application";
		};
		27848F130FF1AC8B00BF23A5 /* UpdateExtra */ = {
			isa = PBXNativeTarget;
			buildConfigurationList = 27848F190FF1AC8C00BF23A5 /* Build configuration list for PBXNativeTarget "UpdateExtra" */;
			buildPhases = (
				27848F100FF1AC8B00BF23A5 /* Resources */,
				27848F110FF1AC8B00BF23A5 /* Sources */,
				27848F120FF1AC8B00BF23A5 /* Frameworks */,
			);
			buildRules = (
			);
			dependencies = (
			);
			name = UpdateExtra;
			productName = UpdateExtra;
			productReference = 27848F140FF1AC8B00BF23A5 /* UpdateExtra.app */;
			productType = "com.apple.product-type.application";
		};
		668FF6C40FC0D004007E4E75 /* LenovoInstaller */ = {
			isa = PBXNativeTarget;
			buildConfigurationList = 668FF6CA0FC0D007007E4E75 /* Build configuration list for PBXNativeTarget "LenovoInstaller" */;
			buildPhases = (
				668FF6C10FC0D004007E4E75 /* Resources */,
				668FF6C20FC0D004007E4E75 /* Sources */,
				668FF6C30FC0D004007E4E75 /* Frameworks */,
			);
			buildRules = (
			);
			dependencies = (
			);
			name = LenovoInstaller;
			productName = LenovoInstaller;
			productReference = 668FF6C50FC0D004007E4E75 /* LenovoInstaller.app */;
			productType = "com.apple.product-type.application";
		};
		66E5B5F40FC040CD000F2A93 /* DellEFI */ = {
			isa = PBXNativeTarget;
			buildConfigurationList = 66E5B5FA0FC040D0000F2A93 /* Build configuration list for PBXNativeTarget "DellEFI" */;
			buildPhases = (
				66E5B5F10FC040CD000F2A93 /* Resources */,
				66E5B5F20FC040CD000F2A93 /* Sources */,
				66E5B5F30FC040CD000F2A93 /* Frameworks */,
			);
			buildRules = (
			);
			dependencies = (
			);
			name = DellEFI;
			productName = DellEFI;
			productReference = 66E5B5F50FC040CD000F2A93 /* DellEFI.app */;
			productType = "com.apple.product-type.application";
		};
		8D1107260486CEB800E47090 /* NetbookInstaller */ = {
			isa = PBXNativeTarget;
			buildConfigurationList = C01FCF4A08A954540054247B /* Build configuration list for PBXNativeTarget "NetbookInstaller" */;
			buildPhases = (
				8D1107290486CEB800E47090 /* Resources */,
				8D11072C0486CEB800E47090 /* Sources */,
				8D11072E0486CEB800E47090 /* Frameworks */,
			);
			buildRules = (
			);
			dependencies = (
			);
			name = NetbookInstaller;
			productInstallPath = "$(HOME)/Applications";
			productName = NetbookInstaller;
			productReference = 8D1107320486CEB800E47090 /* NetbookInstaller.app */;
			productType = "com.apple.product-type.application";
		};
/* End PBXNativeTarget section */

/* Begin PBXProject section */
		29B97313FDCFA39411CA2CEA /* Project object */ = {
			isa = PBXProject;
			buildConfigurationList = C01FCF4E08A954540054247B /* Build configuration list for PBXProject "NetbookInstaller" */;
			compatibilityVersion = "Xcode 3.1";
			hasScannedForEncodings = 1;
			mainGroup = 29B97314FDCFA39411CA2CEA /* NetbookInstaller */;
			projectDirPath = "";
			projectRoot = "";
			targets = (
				8D1107260486CEB800E47090 /* NetbookInstaller */,
				66E5B5F40FC040CD000F2A93 /* DellEFI */,
				668FF6C40FC0D004007E4E75 /* LenovoInstaller */,
				2748C2130FEB02EB000F22B8 /* NetbookInstallerCLI */,
				2725E3E50FED88C0005869F8 /* NetbookBootMaker */,
				27848F130FF1AC8B00BF23A5 /* UpdateExtra */,
				272EAD4D0FF7FD5F00274B67 /* bless */,
			);
		};
/* End PBXProject section */

/* Begin PBXResourcesBuildPhase section */
		2725E3E20FED88C0005869F8 /* Resources */ = {
			isa = PBXResourcesBuildPhase;
			buildActionMask = 2147483647;
			files = (
				274B11E80FF458D4009BFF80 /* SupportFiles in Resources */,
				2725E7580FED9EE5005869F8 /* NetbookInstallerCLI.app in Resources */,
				272EAD560FF7FDA300274B67 /* bless in Resources */,
				272EAD360FF7278800274B67 /* NetbookInstaller.app in Resources */,
				2725E7350FED9702005869F8 /* NetbookBootMaker.xib in Resources */,
				2725E6670FED89D3005869F8 /* about.xib in Resources */,
				2725E6640FED89D3005869F8 /* dell_mini_icon.icns in Resources */,
				2725E6650FED89D3005869F8 /* DellMini9.png in Resources */,
				2725E6680FED89D3005869F8 /* InfoPlist.strings in Resources */,
				2725E66A0FED89D3005869F8 /* Localizable.strings in Resources */,
				2725E7B20FEDAF56005869F8 /* bootMakerFiles in Resources */,
				270AF2E00FF443640085AD97 /* kext_whitelist in Resources */,
				A1544D2F0FFEEBBE004B05AB /* bootmaker.icns in Resources */,
			);
			runOnlyForDeploymentPostprocessing = 0;
		};
		2748C2100FEB02EB000F22B8 /* Resources */ = {
			isa = PBXResourcesBuildPhase;
			buildActionMask = 2147483647;
			files = (
				2748C3780FEB0319000F22B8 /* dell_mini_icon.icns in Resources */,
				2748C3790FEB0319000F22B8 /* DellMini9.png in Resources */,
				2748C37A0FEB0319000F22B8 /* MainMenu.xib in Resources */,
				2748C37B0FEB0319000F22B8 /* about.xib in Resources */,
				2748C37C0FEB0319000F22B8 /* InfoPlist.strings in Resources */,
				2748C37D0FEB0319000F22B8 /* SupportFiles in Resources */,
				2748C37E0FEB0319000F22B8 /* Localizable.strings in Resources */,
				270AF2E10FF443640085AD97 /* kext_whitelist in Resources */,
			);
			runOnlyForDeploymentPostprocessing = 0;
		};
		27848F100FF1AC8B00BF23A5 /* Resources */ = {
			isa = PBXResourcesBuildPhase;
			buildActionMask = 2147483647;
			files = (
				27848F1D0FF1ACD500BF23A5 /* UpdateExtra.xib in Resources */,
				27848F1F0FF1AD8B00BF23A5 /* UpdateExtra.icns in Resources */,
				270AF2DF0FF443640085AD97 /* kext_whitelist in Resources */,
			);
			runOnlyForDeploymentPostprocessing = 0;
		};
		668FF6C10FC0D004007E4E75 /* Resources */ = {
			isa = PBXResourcesBuildPhase;
			buildActionMask = 2147483647;
			files = (
				668FFA770FC11400007E4E75 /* SupportFiles in Resources */,
				668FF7530FC0D038007E4E75 /* dell_mini_icon.icns in Resources */,
				668FF7540FC0D038007E4E75 /* DellMini9.png in Resources */,
				668FF7560FC0D038007E4E75 /* MainMenu.xib in Resources */,
				27EC0C2C0FD76DC0006740DB /* about.xib in Resources */,
				668FF7580FC0D038007E4E75 /* InfoPlist.strings in Resources */,
				27EC0BC20FD7698C006740DB /* Localizable.strings in Resources */,
				270AF2E20FF443640085AD97 /* kext_whitelist in Resources */,
			);
			runOnlyForDeploymentPostprocessing = 0;
		};
		66E5B5F10FC040CD000F2A93 /* Resources */ = {
			isa = PBXResourcesBuildPhase;
			buildActionMask = 2147483647;
			files = (
				668FFA760FC11400007E4E75 /* SupportFiles in Resources */,
				66E5B6160FC04108000F2A93 /* dell_mini_icon.icns in Resources */,
				66E5B6170FC04108000F2A93 /* DellMini9.png in Resources */,
				66E5B6190FC04108000F2A93 /* MainMenu.xib in Resources */,
				27EC0C2B0FD76DC0006740DB /* about.xib in Resources */,
				66E5B61B0FC04108000F2A93 /* InfoPlist.strings in Resources */,
				27EC0BC10FD7698C006740DB /* Localizable.strings in Resources */,
				270AF2E30FF443640085AD97 /* kext_whitelist in Resources */,
			);
			runOnlyForDeploymentPostprocessing = 0;
		};
		8D1107290486CEB800E47090 /* Resources */ = {
			isa = PBXResourcesBuildPhase;
			buildActionMask = 2147483647;
			files = (
				8D11072B0486CEB800E47090 /* InfoPlist.strings in Resources */,
				1DDD58160DA1D0A300B32029 /* MainMenu.xib in Resources */,
				661B389B0FBE6957004007B6 /* dell_mini_icon.icns in Resources */,
				661B389C0FBE6957004007B6 /* DellMini9.png in Resources */,
				27EC0C2A0FD76DC0006740DB /* about.xib in Resources */,
				668FFA750FC11400007E4E75 /* SupportFiles in Resources */,
				27EC0BC00FD7698C006740DB /* Localizable.strings in Resources */,
				270AF2E40FF443640085AD97 /* kext_whitelist in Resources */,
			);
			runOnlyForDeploymentPostprocessing = 0;
		};
/* End PBXResourcesBuildPhase section */

/* Begin PBXSourcesBuildPhase section */
		2725E3E30FED88C0005869F8 /* Sources */ = {
			isa = PBXSourcesBuildPhase;
			buildActionMask = 2147483647;
			files = (
				2725E6DC0FED9435005869F8 /* main_bootmake.m in Sources */,
				2725E66B0FED8A07005869F8 /* SystemInformation.m in Sources */,
				2725E66D0FED8A07005869F8 /* Installer.m in Sources */,
				2725E66F0FED8A07005869F8 /* HexEditor.m in Sources */,
				2725E6700FED8A07005869F8 /* AboutWindowController.m in Sources */,
				2725E73E0FED989D005869F8 /* NetbookBootMakerController.m in Sources */,
			);
			runOnlyForDeploymentPostprocessing = 0;
		};
		272EAD4B0FF7FD5F00274B67 /* Sources */ = {
			isa = PBXSourcesBuildPhase;
			buildActionMask = 2147483647;
			files = (
				272EAD530FF7FD7E00274B67 /* main_bless.m in Sources */,
			);
			runOnlyForDeploymentPostprocessing = 0;
		};
		2748C2110FEB02EB000F22B8 /* Sources */ = {
			isa = PBXSourcesBuildPhase;
			buildActionMask = 2147483647;
			files = (
				2748C37F0FEB036B000F22B8 /* Installer.m in Sources */,
				2748C3800FEB036B000F22B8 /* SystemInformation.m in Sources */,
				2748C3810FEB036B000F22B8 /* HexEditor.m in Sources */,
				2748C4A60FEB03C0000F22B8 /* main_cli.m in Sources */,
				2748C5B10FEB0EA0000F22B8 /* InstallerCLI.m in Sources */,
			);
			runOnlyForDeploymentPostprocessing = 0;
		};
		27848F110FF1AC8B00BF23A5 /* Sources */ = {
			isa = PBXSourcesBuildPhase;
			buildActionMask = 2147483647;
			files = (
				27848F240FF1ADCB00BF23A5 /* main_updateextra.m in Sources */,
				27848F4F0FF1AF6800BF23A5 /* UpdateExtraController.m in Sources */,
				278490D70FF1B21200BF23A5 /* Installer.m in Sources */,
				278490D90FF1B21700BF23A5 /* SystemInformation.m in Sources */,
				278490DC0FF1B21F00BF23A5 /* HexEditor.m in Sources */,
			);
			runOnlyForDeploymentPostprocessing = 0;
		};
		668FF6C20FC0D004007E4E75 /* Sources */ = {
			isa = PBXSourcesBuildPhase;
			buildActionMask = 2147483647;
			files = (
				27CA342E0FD47324006E14C4 /* HexEditor.m in Sources */,
				668FF75A0FC0D04C007E4E75 /* Installer.m in Sources */,
				668FF75B0FC0D04C007E4E75 /* SystemInformation.m in Sources */,
				668FF75C0FC0D04C007E4E75 /* NetbookInstallerController.m in Sources */,
				668FF75D0FC0D04C007E4E75 /* main.m in Sources */,
				668FFD0C0FC280D8007E4E75 /* DSDTPatcher.m in Sources */,
				27EC0B490FD7312F006740DB /* AboutWindowController.m in Sources */,
				272EAD4A0FF7FD1E00274B67 /* main_bless.m in Sources */,
			);
			runOnlyForDeploymentPostprocessing = 0;
		};
		66E5B5F20FC040CD000F2A93 /* Sources */ = {
			isa = PBXSourcesBuildPhase;
			buildActionMask = 2147483647;
			files = (
				66E5B61D0FC0411E000F2A93 /* main.m in Sources */,
				66E5B61E0FC04126000F2A93 /* SystemInformation.m in Sources */,
				66E5B61F0FC0412C000F2A93 /* Installer.m in Sources */,
				66E5B61C0FC04118000F2A93 /* NetbookInstallerController.m in Sources */,
				668FFD0D0FC280D8007E4E75 /* DSDTPatcher.m in Sources */,
				27CA342D0FD4731C006E14C4 /* HexEditor.m in Sources */,
				27EC0B480FD7312F006740DB /* AboutWindowController.m in Sources */,
				272EAD450FF7FD1E00274B67 /* main_bless.m in Sources */,
			);
			runOnlyForDeploymentPostprocessing = 0;
		};
		8D11072C0486CEB800E47090 /* Sources */ = {
			isa = PBXSourcesBuildPhase;
			buildActionMask = 2147483647;
			files = (
				272EACEB0FF722D200274B67 /* InstallerCLI.m in Sources */,
				8D11072D0486CEB800E47090 /* main.m in Sources */,
				661B35C90FBE01E5004007B6 /* SystemInformation.m in Sources */,
				661B38290FBE5091004007B6 /* NetbookInstallerController.m in Sources */,
				66EC09540FBF3E9C00D3B55B /* Installer.m in Sources */,
				668FFD0E0FC280D8007E4E75 /* DSDTPatcher.m in Sources */,
				27CA342B0FD47303006E14C4 /* HexEditor.m in Sources */,
				27EC0B470FD7312F006740DB /* AboutWindowController.m in Sources */,
			);
			runOnlyForDeploymentPostprocessing = 0;
		};
/* End PBXSourcesBuildPhase section */

/* Begin PBXTargetDependency section */
		2725E7500FED9EC2005869F8 /* PBXTargetDependency */ = {
			isa = PBXTargetDependency;
			target = 2748C2130FEB02EB000F22B8 /* NetbookInstallerCLI */;
			targetProxy = 2725E74F0FED9EC2005869F8 /* PBXContainerItemProxy */;
		};
		272EAD250FF7253C00274B67 /* PBXTargetDependency */ = {
			isa = PBXTargetDependency;
			target = 8D1107260486CEB800E47090 /* NetbookInstaller */;
			targetProxy = 272EAD240FF7253C00274B67 /* PBXContainerItemProxy */;
		};
		272EAD550FF7FD8400274B67 /* PBXTargetDependency */ = {
			isa = PBXTargetDependency;
			target = 272EAD4D0FF7FD5F00274B67 /* bless */;
			targetProxy = 272EAD540FF7FD8400274B67 /* PBXContainerItemProxy */;
		};
/* End PBXTargetDependency section */

/* Begin PBXVariantGroup section */
		089C165CFE840E0CC02AAC07 /* InfoPlist.strings */ = {
			isa = PBXVariantGroup;
			children = (
				089C165DFE840E0CC02AAC07 /* English */,
			);
			name = InfoPlist.strings;
			sourceTree = "<group>";
		};
		1DDD58140DA1D0A300B32029 /* MainMenu.xib */ = {
			isa = PBXVariantGroup;
			children = (
				1DDD58150DA1D0A300B32029 /* English */,
			);
			name = MainMenu.xib;
			sourceTree = "<group>";
		};
		2725E7340FED9702005869F8 /* NetbookBootMaker.xib */ = {
			isa = PBXVariantGroup;
			children = (
				2725E70B0FED96A9005869F8 /* English */,
			);
			name = NetbookBootMaker.xib;
			sourceTree = "<group>";
		};
		27848F1C0FF1ACD500BF23A5 /* UpdateExtra.xib */ = {
			isa = PBXVariantGroup;
			children = (
				27848F1A0FF1ACA700BF23A5 /* English */,
			);
			name = UpdateExtra.xib;
			sourceTree = "<group>";
		};
		27EC0BBF0FD7698C006740DB /* Localizable.strings */ = {
			isa = PBXVariantGroup;
			children = (
				27EC0BB90FD7696F006740DB /* English */,
			);
			name = Localizable.strings;
			sourceTree = "<group>";
		};
		27EC0C290FD76DC0006740DB /* about.xib */ = {
			isa = PBXVariantGroup;
			children = (
				661B38E30FBE76F8004007B6 /* English */,
			);
			name = about.xib;
			sourceTree = "<group>";
		};
/* End PBXVariantGroup section */

/* Begin XCBuildConfiguration section */
		2725E3E90FED88C1005869F8 /* Debug */ = {
			isa = XCBuildConfiguration;
			buildSettings = {
				ALWAYS_SEARCH_USER_PATHS = NO;
				CODE_SIGN_IDENTITY = "iPhone Developer";
				COPY_PHASE_STRIP = NO;
				GCC_DYNAMIC_NO_PIC = NO;
				GCC_OPTIMIZATION_LEVEL = 0;
				GCC_PRECOMPILE_PREFIX_HEADER = YES;
				GCC_PREFIX_HEADER = "$(SYSTEM_LIBRARY_DIR)/Frameworks/UIKit.framework/Headers/UIKit.h";
				INFOPLIST_FILE = "NetbookBootMaker-Info.plist";
				INSTALL_PATH = "$(HOME)/Applications";
				OTHER_LDFLAGS = (
					"-framework",
					Foundation,
					"-framework",
					UIKit,
				);
				PREBINDING = NO;
				PRODUCT_NAME = NetbookBootMaker;
				SDKROOT = iphoneos2.2.1;
			};
			name = Debug;
		};
		2725E3EA0FED88C1005869F8 /* Release */ = {
			isa = XCBuildConfiguration;
			buildSettings = {
				ALWAYS_SEARCH_USER_PATHS = NO;
				CODE_SIGN_IDENTITY = "Don't Code Sign";
				COPY_PHASE_STRIP = YES;
				DEBUG_INFORMATION_FORMAT = "dwarf-with-dsym";
				GCC_ENABLE_FIX_AND_CONTINUE = NO;
				GCC_PRECOMPILE_PREFIX_HEADER = YES;
				GCC_PREFIX_HEADER = main_bootmake.pch;
				INFOPLIST_FILE = "NetbookBootMaker-Info.plist";
				INSTALL_PATH = "$(HOME)/Applications";
				OTHER_LDFLAGS = (
					"-framework",
					Foundation,
				);
				PREBINDING = NO;
				PRODUCT_NAME = NetbookBootMaker;
				SDKROOT = macosx10.5;
				ZERO_LINK = NO;
			};
			name = Release;
		};
		272EAD500FF7FD5F00274B67 /* Debug */ = {
			isa = XCBuildConfiguration;
			buildSettings = {
				ALWAYS_SEARCH_USER_PATHS = NO;
				COPY_PHASE_STRIP = NO;
				GCC_DYNAMIC_NO_PIC = NO;
				GCC_ENABLE_FIX_AND_CONTINUE = YES;
				GCC_MODEL_TUNING = G5;
				GCC_OPTIMIZATION_LEVEL = 0;
				GCC_PRECOMPILE_PREFIX_HEADER = YES;
				GCC_PREFIX_HEADER = "$(SYSTEM_LIBRARY_DIR)/Frameworks/AppKit.framework/Headers/AppKit.h";
				INSTALL_PATH = /usr/local/bin;
				OTHER_LDFLAGS = (
					"-framework",
					Foundation,
					"-framework",
					AppKit,
				);
				PREBINDING = NO;
				PRODUCT_NAME = bless;
			};
			name = Debug;
		};
		272EAD510FF7FD5F00274B67 /* Release */ = {
			isa = XCBuildConfiguration;
			buildSettings = {
				ALWAYS_SEARCH_USER_PATHS = NO;
				COPY_PHASE_STRIP = YES;
				DEBUG_INFORMATION_FORMAT = "dwarf-with-dsym";
				GCC_ENABLE_FIX_AND_CONTINUE = NO;
				GCC_MODEL_TUNING = G5;
				GCC_PRECOMPILE_PREFIX_HEADER = YES;
				GCC_PREFIX_HEADER = "$(SYSTEM_LIBRARY_DIR)/Frameworks/AppKit.framework/Headers/AppKit.h";
				INSTALL_PATH = /usr/local/bin;
				OTHER_LDFLAGS = (
					"-framework",
					Foundation,
					"-framework",
					AppKit,
				);
				PREBINDING = NO;
				PRODUCT_NAME = bless;
				ZERO_LINK = NO;
			};
			name = Release;
		};
		2748C2170FEB02EB000F22B8 /* Debug */ = {
			isa = XCBuildConfiguration;
			buildSettings = {
				ALWAYS_SEARCH_USER_PATHS = NO;
				CODE_SIGN_IDENTITY = "iPhone Developer";
				COPY_PHASE_STRIP = NO;
				GCC_DYNAMIC_NO_PIC = NO;
				GCC_OPTIMIZATION_LEVEL = 0;
				GCC_PRECOMPILE_PREFIX_HEADER = YES;
				GCC_PREFIX_HEADER = "$(SYSTEM_LIBRARY_DIR)/Frameworks/UIKit.framework/Headers/UIKit.h";
				INFOPLIST_FILE = "NetbookInstallerCLI-Info.plist";
				INSTALL_PATH = "$(HOME)/Applications";
				OTHER_LDFLAGS = (
					"-framework",
					Foundation,
					"-framework",
					UIKit,
				);
				PREBINDING = NO;
				PRODUCT_NAME = NetbookInstallerCLI;
				SDKROOT = iphoneos2.2.1;
			};
			name = Debug;
		};
		2748C2180FEB02EB000F22B8 /* Release */ = {
			isa = XCBuildConfiguration;
			buildSettings = {
				ALWAYS_SEARCH_USER_PATHS = NO;
				CODE_SIGN_IDENTITY = "Don't Code Sign";
				COPY_PHASE_STRIP = YES;
				DEBUG_INFORMATION_FORMAT = "dwarf-with-dsym";
				GCC_ENABLE_FIX_AND_CONTINUE = NO;
				GCC_PRECOMPILE_PREFIX_HEADER = YES;
				GCC_PREFIX_HEADER = main_cli.pch;
				INFOPLIST_FILE = "NetbookInstallerCLI-Info.plist";
				INSTALL_PATH = "$(HOME)/Applications";
				OTHER_LDFLAGS = (
					"-framework",
					Foundation,
				);
				PREBINDING = NO;
				PRODUCT_NAME = NetbookInstallerCLI;
				SDKROOT = macosx10.5;
				ZERO_LINK = NO;
			};
			name = Release;
		};
		27848F170FF1AC8B00BF23A5 /* Debug */ = {
			isa = XCBuildConfiguration;
			buildSettings = {
				ALWAYS_SEARCH_USER_PATHS = NO;
				CODE_SIGN_IDENTITY = "iPhone Developer";
				COPY_PHASE_STRIP = NO;
				GCC_DYNAMIC_NO_PIC = NO;
				GCC_OPTIMIZATION_LEVEL = 0;
				GCC_PRECOMPILE_PREFIX_HEADER = YES;
				GCC_PREFIX_HEADER = "$(SYSTEM_LIBRARY_DIR)/Frameworks/UIKit.framework/Headers/UIKit.h";
				INFOPLIST_FILE = "UpdateExtra-Info.plist";
				INSTALL_PATH = "$(HOME)/Applications";
				OTHER_LDFLAGS = (
					"-framework",
					Foundation,
					"-framework",
					UIKit,
				);
				PREBINDING = NO;
				PRODUCT_NAME = UpdateExtra;
				SDKROOT = iphoneos2.2.1;
			};
			name = Debug;
		};
		27848F180FF1AC8B00BF23A5 /* Release */ = {
			isa = XCBuildConfiguration;
			buildSettings = {
				ALWAYS_SEARCH_USER_PATHS = NO;
				CODE_SIGN_IDENTITY = "Don't Code Sign";
				COPY_PHASE_STRIP = YES;
				DEBUG_INFORMATION_FORMAT = "dwarf-with-dsym";
				GCC_ENABLE_FIX_AND_CONTINUE = NO;
				GCC_PRECOMPILE_PREFIX_HEADER = YES;
				GCC_PREFIX_HEADER = main_updateextra.pch;
				INFOPLIST_FILE = "UpdateExtra-Info.plist";
				INSTALL_PATH = "$(HOME)/Applications";
				OTHER_LDFLAGS = (
					"-framework",
					Foundation,
				);
				PREBINDING = NO;
				PRODUCT_NAME = UpdateExtra;
				SDKROOT = macosx10.5;
				ZERO_LINK = NO;
			};
			name = Release;
		};
		668FF6C80FC0D007007E4E75 /* Debug */ = {
			isa = XCBuildConfiguration;
			buildSettings = {
				ALWAYS_SEARCH_USER_PATHS = NO;
				COPY_PHASE_STRIP = NO;
				GCC_DYNAMIC_NO_PIC = NO;
				GCC_ENABLE_FIX_AND_CONTINUE = YES;
				GCC_MODEL_TUNING = G5;
				GCC_OPTIMIZATION_LEVEL = 0;
				GCC_PRECOMPILE_PREFIX_HEADER = YES;
				GCC_PREFIX_HEADER = "$(SYSTEM_LIBRARY_DIR)/Frameworks/AppKit.framework/Headers/AppKit.h";
				INFOPLIST_FILE = "LenovoInstaller-Info.plist";
				INSTALL_PATH = "$(HOME)/Applications";
				OTHER_LDFLAGS = (
					"-framework",
					Foundation,
					"-framework",
					AppKit,
				);
				PREBINDING = NO;
				PRODUCT_NAME = LenovoInstaller;
			};
			name = Debug;
		};
		668FF6C90FC0D007007E4E75 /* Release */ = {
			isa = XCBuildConfiguration;
			buildSettings = {
				ALWAYS_SEARCH_USER_PATHS = NO;
				COPY_PHASE_STRIP = YES;
				DEBUG_INFORMATION_FORMAT = "dwarf-with-dsym";
				GCC_ENABLE_FIX_AND_CONTINUE = NO;
				GCC_MODEL_TUNING = G5;
				GCC_PRECOMPILE_PREFIX_HEADER = YES;
				GCC_PREFIX_HEADER = NetbookInstaller_Prefix.pch;
				INFOPLIST_FILE = "LenovoInstaller-Info.plist";
				INSTALL_PATH = "$(HOME)/Applications";
				OTHER_LDFLAGS = (
					"-framework",
					Foundation,
					"-framework",
					AppKit,
				);
				PREBINDING = NO;
				PRODUCT_NAME = LenovoInstaller;
				ZERO_LINK = NO;
			};
			name = Release;
		};
		66E5B5F80FC040CF000F2A93 /* Debug */ = {
			isa = XCBuildConfiguration;
			buildSettings = {
				ALWAYS_SEARCH_USER_PATHS = NO;
				COPY_PHASE_STRIP = NO;
				GCC_DYNAMIC_NO_PIC = NO;
				GCC_ENABLE_FIX_AND_CONTINUE = YES;
				GCC_MODEL_TUNING = G5;
				GCC_OPTIMIZATION_LEVEL = 0;
				GCC_PRECOMPILE_PREFIX_HEADER = YES;
				GCC_PREFIX_HEADER = "$(SYSTEM_LIBRARY_DIR)/Frameworks/AppKit.framework/Headers/AppKit.h";
				INFOPLIST_FILE = "DellEFI-Info.plist";
				INSTALL_PATH = "$(HOME)/Applications";
				OTHER_LDFLAGS = (
					"-framework",
					Foundation,
					"-framework",
					AppKit,
				);
				PREBINDING = NO;
				PRODUCT_NAME = DellEFI;
			};
			name = Debug;
		};
		66E5B5F90FC040CF000F2A93 /* Release */ = {
			isa = XCBuildConfiguration;
			buildSettings = {
				ALWAYS_SEARCH_USER_PATHS = NO;
				COPY_PHASE_STRIP = YES;
				DEBUG_INFORMATION_FORMAT = "dwarf-with-dsym";
				GCC_ENABLE_FIX_AND_CONTINUE = NO;
				GCC_MODEL_TUNING = G5;
				GCC_PRECOMPILE_PREFIX_HEADER = YES;
				GCC_PREFIX_HEADER = NetbookInstaller_Prefix.pch;
				INFOPLIST_FILE = "DellEFI-Info.plist";
				INSTALL_PATH = "$(HOME)/Applications";
				OTHER_LDFLAGS = (
					"-framework",
					Foundation,
					"-framework",
					AppKit,
				);
				PREBINDING = NO;
				PRODUCT_NAME = DellEFI;
				ZERO_LINK = NO;
			};
			name = Release;
		};
		C01FCF4B08A954540054247B /* Debug */ = {
			isa = XCBuildConfiguration;
			buildSettings = {
				ALWAYS_SEARCH_USER_PATHS = NO;
				COPY_PHASE_STRIP = YES;
				GCC_DYNAMIC_NO_PIC = YES;
				GCC_ENABLE_FIX_AND_CONTINUE = YES;
				GCC_ENABLE_SSE3_EXTENSIONS = YES;
				GCC_ENABLE_SUPPLEMENTAL_SSE3_INSTRUCTIONS = YES;
				GCC_MODEL_TUNING = G5;
				GCC_OPTIMIZATION_LEVEL = s;
				GCC_PRECOMPILE_PREFIX_HEADER = YES;
				GCC_PREFIX_HEADER = NetbookInstaller_Prefix.pch;
				INFOPLIST_FILE = Info.plist;
				INSTALL_PATH = "$(HOME)/Applications";
				PRODUCT_NAME = NetbookInstaller;
			};
			name = Debug;
		};
		C01FCF4C08A954540054247B /* Release */ = {
			isa = XCBuildConfiguration;
			buildSettings = {
				ALWAYS_SEARCH_USER_PATHS = NO;
				DEBUG_INFORMATION_FORMAT = dwarf;
				GCC_ENABLE_FIX_AND_CONTINUE = YES;
				GCC_ENABLE_SSE3_EXTENSIONS = YES;
				GCC_ENABLE_SUPPLEMENTAL_SSE3_INSTRUCTIONS = YES;
				GCC_MODEL_TUNING = G5;
				GCC_PRECOMPILE_PREFIX_HEADER = YES;
				GCC_PREFIX_HEADER = NetbookInstaller_Prefix.pch;
				INFOPLIST_FILE = Info.plist;
				INSTALL_PATH = "$(HOME)/Applications";
				ONLY_ACTIVE_ARCH = YES;
				PRODUCT_NAME = NetbookInstaller;
			};
			name = Release;
		};
		C01FCF4F08A954540054247B /* Debug */ = {
			isa = XCBuildConfiguration;
			buildSettings = {
				ARCHS = "$(ARCHS_STANDARD_32_BIT)";
				GCC_C_LANGUAGE_STANDARD = c99;
				GCC_OPTIMIZATION_LEVEL = 0;
				GCC_WARN_ABOUT_RETURN_TYPE = YES;
				GCC_WARN_UNUSED_VARIABLE = YES;
				ONLY_ACTIVE_ARCH = YES;
				PREBINDING = NO;
				SDKROOT = macosx10.5;
				VALID_ARCHS = i386;
			};
			name = Debug;
		};
		C01FCF5008A954540054247B /* Release */ = {
			isa = XCBuildConfiguration;
			buildSettings = {
				ARCHS = "$(ARCHS_STANDARD_32_BIT)";
				GCC_C_LANGUAGE_STANDARD = c99;
				GCC_WARN_ABOUT_RETURN_TYPE = YES;
				GCC_WARN_UNUSED_VARIABLE = YES;
				PREBINDING = NO;
				SDKROOT = macosx10.5;
				VALID_ARCHS = i386;
			};
			name = Release;
		};
/* End XCBuildConfiguration section */

/* Begin XCConfigurationList section */
		2725E3EB0FED88C1005869F8 /* Build configuration list for PBXNativeTarget "NetbookBootMaker" */ = {
			isa = XCConfigurationList;
			buildConfigurations = (
				2725E3E90FED88C1005869F8 /* Debug */,
				2725E3EA0FED88C1005869F8 /* Release */,
			);
			defaultConfigurationIsVisible = 0;
			defaultConfigurationName = Release;
		};
		272EAD520FF7FD7D00274B67 /* Build configuration list for PBXNativeTarget "bless" */ = {
			isa = XCConfigurationList;
			buildConfigurations = (
				272EAD500FF7FD5F00274B67 /* Debug */,
				272EAD510FF7FD5F00274B67 /* Release */,
			);
			defaultConfigurationIsVisible = 0;
			defaultConfigurationName = Release;
		};
		2748C2190FEB02EC000F22B8 /* Build configuration list for PBXNativeTarget "NetbookInstallerCLI" */ = {
			isa = XCConfigurationList;
			buildConfigurations = (
				2748C2170FEB02EB000F22B8 /* Debug */,
				2748C2180FEB02EB000F22B8 /* Release */,
			);
			defaultConfigurationIsVisible = 0;
			defaultConfigurationName = Release;
		};
		27848F190FF1AC8C00BF23A5 /* Build configuration list for PBXNativeTarget "UpdateExtra" */ = {
			isa = XCConfigurationList;
			buildConfigurations = (
				27848F170FF1AC8B00BF23A5 /* Debug */,
				27848F180FF1AC8B00BF23A5 /* Release */,
			);
			defaultConfigurationIsVisible = 0;
			defaultConfigurationName = Release;
		};
		668FF6CA0FC0D007007E4E75 /* Build configuration list for PBXNativeTarget "LenovoInstaller" */ = {
			isa = XCConfigurationList;
			buildConfigurations = (
				668FF6C80FC0D007007E4E75 /* Debug */,
				668FF6C90FC0D007007E4E75 /* Release */,
			);
			defaultConfigurationIsVisible = 0;
			defaultConfigurationName = Release;
		};
		66E5B5FA0FC040D0000F2A93 /* Build configuration list for PBXNativeTarget "DellEFI" */ = {
			isa = XCConfigurationList;
			buildConfigurations = (
				66E5B5F80FC040CF000F2A93 /* Debug */,
				66E5B5F90FC040CF000F2A93 /* Release */,
			);
			defaultConfigurationIsVisible = 0;
			defaultConfigurationName = Release;
		};
		C01FCF4A08A954540054247B /* Build configuration list for PBXNativeTarget "NetbookInstaller" */ = {
			isa = XCConfigurationList;
			buildConfigurations = (
				C01FCF4B08A954540054247B /* Debug */,
				C01FCF4C08A954540054247B /* Release */,
			);
			defaultConfigurationIsVisible = 0;
			defaultConfigurationName = Release;
		};
		C01FCF4E08A954540054247B /* Build configuration list for PBXProject "NetbookInstaller" */ = {
			isa = XCConfigurationList;
			buildConfigurations = (
				C01FCF4F08A954540054247B /* Debug */,
				C01FCF5008A954540054247B /* Release */,
			);
			defaultConfigurationIsVisible = 0;
			defaultConfigurationName = Release;
		};
/* End XCConfigurationList section */
	};
	rootObject = 29B97313FDCFA39411CA2CEA /* Project object */;
}
